
Microsoft Visual Studio Solution File, Format Version 12.00
# Visual Studio Version 16
VisualStudioVersion = 16.0.31702.278
MinimumVisualStudioVersion = 10.0.40219.1
Project("{8BC9CEB8-8B4A-11D0-8D11-00A0C91BC942}") = "EthereumStakingCalculator", "EthereumStakingCalculator\EthereumStakingCalculator.vcxproj", "{CD00E623-7DB4-4E17-9E53-A7A550BC2B5D}"
EndProject
Global
	GlobalSection(SolutionConfigurationPlatforms) = preSolution
		Debug|x64 = Debug|x64
		Debug|x86 = Debug|x86
		Release|x64 = Release|x64
		Release|x86 = Release|x86
	EndGlobalSection
	GlobalSection(ProjectConfigurationPlatforms) = postSolution
		{CD00E623-7DB4-4E17-9E53-A7A550BC2B5D}.Debug|x64.ActiveCfg = Debug|x64
		{CD00E623-7DB4-4E17-9E53-A7A550BC2B5D}.Debug|x64.Build.0 = Debug|x64
		{CD00E623-7DB4-4E17-9E53-A7A550BC2B5D}.Debug|x86.ActiveCfg = Debug|Win32
		{CD00E623-7DB4-4E17-9E53-A7A550BC2B5D}.Debug|x86.Build.0 = Debug|Win32
		{CD00E623-7DB4-4E17-9E53-A7A550BC2B5D}.Release|x64.ActiveCfg = Release|x64
		{CD00E623-7DB4-4E17-9E53-A7A550BC2B5D}.Release|x64.Build.0 = Release|x64
		{CD00E623-7DB4-4E17-9E53-A7A550BC2B5D}.Release|x86.ActiveCfg = Release|Win32
		{CD00E623-7DB4-4E17-9E53-A7A550BC2B5D}.Release|x86.Build.0 = Release|Win32
	EndGlobalSection
	GlobalSection(SolutionProperties) = preSolution
		HideSolutionNode = FALSE
	EndGlobalSection
	GlobalSection(ExtensibilityGlobals) = postSolution
		SolutionGuid = {8E52D1AB-4991-4425-B43E-2B9E66CE7AC2}
	EndGlobalSection
EndGlobal
